{
    "_readme": [
        "This file locks the dependencies of your project to a known state",
        "Read more about it at https://getcomposer.org/doc/01-basic-usage.md#composer-lock-the-lock-file",
        "This file is @generated automatically"
    ],
    "content-hash": "d2c005a23c752070a5a255a72a635dfa",
    "packages": [
        {
            "name": "semsol/arc2",
            "version": "dev-master",
            "source": {
                "type": "git",
                "url": "https://github.com/semsol/arc2.git",
                "reference": "1bb23a04389b84b255333aa159e92a1ca43097c1"
            },
            "dist": {
                "type": "zip",
                "url": "https://api.github.com/repos/semsol/arc2/zipball/1bb23a04389b84b255333aa159e92a1ca43097c1",
                "reference": "1bb23a04389b84b255333aa159e92a1ca43097c1",
                "shasum": ""
            },
            "require": {
                "php": ">=5.3.0"
            },
            "require-dev": {
                "doctrine/instantiator": "1.0.*",
                "phpunit/phpunit": "^5.0",
                "symfony/yaml": "2.*"
            },
            "type": "library",
            "autoload": {
                "classmap": [
                    "parsers/",
                    "serializers/"
                ],
                "files": [
                    "./ARC2.php",
                    "./ARC2_Class.php",
                    "./ARC2_getFormat.php",
                    "./ARC2_getPreferredFormat.php",
                    "./ARC2_Graph.php",
                    "./ARC2_Reader.php",
                    "./ARC2_Resource.php"
                ]
            },
            "notification-url": "https://packagist.org/downloads/",
            "license": [
                "W3C"
            ],
            "authors": [
                {
                    "name": "Benji Nowack",
                    "homepage": "http://bnowack.de/"
                }
            ],
            "description": "ARC2 RDF library for PHP",
            "homepage": "https://github.com/semsol/arc2",
            "keywords": [
                "RDF",
                "sparql"
            ],
            "time": "2018-01-09T17:18:06+00:00"
        }
    ],
    "packages-dev": [],
    "aliases": [],
    "minimum-stability": "stable",
    "stability-flags": {
        "semsol/arc2": 20
    },
    "prefer-stable": false,
    "prefer-lowest": false,
    "platform": [],
    "platform-dev": []
}
